
Microsoft Visual Studio Solution File, Format Version 12.00
# Visual Studio Version 17
VisualStudioVersion = 17.5.002.0
MinimumVisualStudioVersion = 10.0.40219.1
Project("{2150E333-8FDC-42A3-9474-1A3956D46DE8}") = "modules", "modules", "{620A5FB5-07B7-4C9F-8AF8-618F10B99437}"
EndProject
Project("{9A19103F-16F7-4668-BE54-9A1E7A4F7556}") = "modules", "modules\analytics\modules.csproj", "{49E89859-B389-41CF-8A53-298A9E8FE35E}"
EndProject
Global
	GlobalSection(SolutionConfigurationPlatforms) = preSolution
		Debug|Any CPU = Debug|Any CPU
		Release|Any CPU = Release|Any CPU
	EndGlobalSection
	GlobalSection(ProjectConfigurationPlatforms) = postSolution
		{49E89859-B389-41CF-8A53-298A9E8FE35E}.Debug|Any CPU.ActiveCfg = Debug|Any CPU
		{49E89859-B389-41CF-8A53-298A9E8FE35E}.Debug|Any CPU.Build.0 = Debug|Any CPU
		{49E89859-B389-41CF-8A53-298A9E8FE35E}.Release|Any CPU.ActiveCfg = Release|Any CPU
		{49E89859-B389-41CF-8A53-298A9E8FE35E}.Release|Any CPU.Build.0 = Release|Any CPU
	EndGlobalSection
	GlobalSection(SolutionProperties) = preSolution
		HideSolutionNode = FALSE
	EndGlobalSection
	GlobalSection(NestedProjects) = preSolution
		{49E89859-B389-41CF-8A53-298A9E8FE35E} = {620A5FB5-07B7-4C9F-8AF8-618F10B99437}
	EndGlobalSection
	GlobalSection(ExtensibilityGlobals) = postSolution
		SolutionGuid = {E0065603-B6DC-4450-84ED-4A0F17384474}
	EndGlobalSection
EndGlobal
